// !$*UTF8*$!
{
	archiveVersion = 1;
	classes = {
	};
	objectVersion = 50;
	objects = {

/* Begin PBXBuildFile section */
		0269CA4C26A91B250019495C /* Tasks.swift in Sources */ = {isa = PBXBuildFile; fileRef = 0269CA4B26A91B250019495C /* Tasks.swift */; };
		0269CA4E26A91EAA0019495C /* completeTasksViewController.swift in Sources */ = {isa = PBXBuildFile; fileRef = 0269CA4D26A91EAA0019495C /* completeTasksViewController.swift */; };
		02904D1D26A89D6100D5976A /* AppDelegate.swift in Sources */ = {isa = PBXBuildFile; fileRef = 02904D1C26A89D6100D5976A /* AppDelegate.swift */; };
		02904D1F26A89D6100D5976A /* SceneDelegate.swift in Sources */ = {isa = PBXBuildFile; fileRef = 02904D1E26A89D6100D5976A /* SceneDelegate.swift */; };
		02904D2126A89D6100D5976A /* ViewController.swift in Sources */ = {isa = PBXBuildFile; fileRef = 02904D2026A89D6100D5976A /* ViewController.swift */; };
		02904D2426A89D6100D5976A /* Main.storyboard in Resources */ = {isa = PBXBuildFile; fileRef = 02904D2226A89D6100D5976A /* Main.storyboard */; };
		02904D2726A89D6100D5976A /* enspire2021.xcdatamodeld in Sources */ = {isa = PBXBuildFile; fileRef = 02904D2526A89D6100D5976A /* enspire2021.xcdatamodeld */; };
		02904D2926A89D6500D5976A /* Assets.xcassets in Resources */ = {isa = PBXBuildFile; fileRef = 02904D2826A89D6500D5976A /* Assets.xcassets */; };
		02904D2C26A89D6500D5976A /* LaunchScreen.storyboard in Resources */ = {isa = PBXBuildFile; fileRef = 02904D2A26A89D6500D5976A /* LaunchScreen.storyboard */; };
		02904D3726A89D6600D5976A /* enspire2021Tests.swift in Sources */ = {isa = PBXBuildFile; fileRef = 02904D3626A89D6600D5976A /* enspire2021Tests.swift */; };
		02904D4226A89D6600D5976A /* enspire2021UITests.swift in Sources */ = {isa = PBXBuildFile; fileRef = 02904D4126A89D6600D5976A /* enspire2021UITests.swift */; };
		02904D5026A89F3D00D5976A /* resourcesViewController.swift in Sources */ = {isa = PBXBuildFile; fileRef = 02904D4F26A89F3D00D5976A /* resourcesViewController.swift */; };
		02904D5226A89F5900D5976A /* tasksTableViewController.swift in Sources */ = {isa = PBXBuildFile; fileRef = 02904D5126A89F5900D5976A /* tasksTableViewController.swift */; };
/* End PBXBuildFile section */

/* Begin PBXContainerItemProxy section */
		02904D3326A89D6600D5976A /* PBXContainerItemProxy */ = {
			isa = PBXContainerItemProxy;
			containerPortal = 02904D1126A89D6100D5976A /* Project object */;
			proxyType = 1;
			remoteGlobalIDString = 02904D1826A89D6100D5976A;
			remoteInfo = enspire2021;
		};
		02904D3E26A89D6600D5976A /* PBXContainerItemProxy */ = {
			isa = PBXContainerItemProxy;
			containerPortal = 02904D1126A89D6100D5976A /* Project object */;
			proxyType = 1;
			remoteGlobalIDString = 02904D1826A89D6100D5976A;
			remoteInfo = enspire2021;
		};
/* End PBXContainerItemProxy section */

/* Begin PBXFileReference section */
		0269CA4B26A91B250019495C /* Tasks.swift */ = {isa = PBXFileReference; lastKnownFileType = sourcecode.swift; path = Tasks.swift; sourceTree = "<group>"; };
		0269CA4D26A91EAA0019495C /* completeTasksViewController.swift */ = {isa = PBXFileReference; lastKnownFileType = sourcecode.swift; path = completeTasksViewController.swift; sourceTree = "<group>"; };
		02904D1926A89D6100D5976A /* enspire2021.app */ = {isa = PBXFileReference; explicitFileType = wrapper.application; includeInIndex = 0; path = enspire2021.app; sourceTree = BUILT_PRODUCTS_DIR; };
		02904D1C26A89D6100D5976A /* AppDelegate.swift */ = {isa = PBXFileReference; lastKnownFileType = sourcecode.swift; path = AppDelegate.swift; sourceTree = "<group>"; };
		02904D1E26A89D6100D5976A /* SceneDelegate.swift */ = {isa = PBXFileReference; lastKnownFileType = sourcecode.swift; path = SceneDelegate.swift; sourceTree = "<group>"; };
		02904D2026A89D6100D5976A /* ViewController.swift */ = {isa = PBXFileReference; lastKnownFileType = sourcecode.swift; path = ViewController.swift; sourceTree = "<group>"; };
		02904D2326A89D6100D5976A /* Base */ = {isa = PBXFileReference; lastKnownFileType = file.storyboard; name = Base; path = Base.lproj/Main.storyboard; sourceTree = "<group>"; };
		02904D2626A89D6100D5976A /* enspire2021.xcdatamodel */ = {isa = PBXFileReference; lastKnownFileType = wrapper.xcdatamodel; path = enspire2021.xcdatamodel; sourceTree = "<group>"; };
		02904D2826A89D6500D5976A /* Assets.xcassets */ = {isa = PBXFileReference; lastKnownFileType = folder.assetcatalog; path = Assets.xcassets; sourceTree = "<group>"; };
		02904D2B26A89D6500D5976A /* Base */ = {isa = PBXFileReference; lastKnownFileType = file.storyboard; name = Base; path = Base.lproj/LaunchScreen.storyboard; sourceTree = "<group>"; };
		02904D2D26A89D6500D5976A /* Info.plist */ = {isa = PBXFileReference; lastKnownFileType = text.plist.xml; path = Info.plist; sourceTree = "<group>"; };
		02904D3226A89D6600D5976A /* enspire2021Tests.xctest */ = {isa = PBXFileReference; explicitFileType = wrapper.cfbundle; includeInIndex = 0; path = enspire2021Tests.xctest; sourceTree = BUILT_PRODUCTS_DIR; };
		02904D3626A89D6600D5976A /* enspire2021Tests.swift */ = {isa = PBXFileReference; lastKnownFileType = sourcecode.swift; path = enspire2021Tests.swift; sourceTree = "<group>"; };
		02904D3826A89D6600D5976A /* Info.plist */ = {isa = PBXFileReference; lastKnownFileType = text.plist.xml; path = Info.plist; sourceTree = "<group>"; };
		02904D3D26A89D6600D5976A /* enspire2021UITests.xctest */ = {isa = PBXFileReference; explicitFileType = wrapper.cfbundle; includeInIndex = 0; path = enspire2021UITests.xctest; sourceTree = BUILT_PRODUCTS_DIR; };
		02904D4126A89D6600D5976A /* enspire2021UITests.swift */ = {isa = PBXFileReference; lastKnownFileType = sourcecode.swift; path = enspire2021UITests.swift; sourceTree = "<group>"; };
		02904D4326A89D6600D5976A /* Info.plist */ = {isa = PBXFileReference; lastKnownFileType = text.plist.xml; path = Info.plist; sourceTree = "<group>"; };
		02904D4F26A89F3D00D5976A /* resourcesViewController.swift */ = {isa = PBXFileReference; lastKnownFileType = sourcecode.swift; path = resourcesViewController.swift; sourceTree = "<group>"; };
		02904D5126A89F5900D5976A /* tasksTableViewController.swift */ = {isa = PBXFileReference; lastKnownFileType = sourcecode.swift; path = tasksTableViewController.swift; sourceTree = "<group>"; };
/* End PBXFileReference section */

/* Begin PBXFrameworksBuildPhase section */
		02904D1626A89D6100D5976A /* Frameworks */ = {
			isa = PBXFrameworksBuildPhase;
			buildActionMask = 2147483647;
			files = (
			);
			runOnlyForDeploymentPostprocessing = 0;
		};
		02904D2F26A89D6600D5976A /* Frameworks */ = {
			isa = PBXFrameworksBuildPhase;
			buildActionMask = 2147483647;
			files = (
			);
			runOnlyForDeploymentPostprocessing = 0;
		};
		02904D3A26A89D6600D5976A /* Frameworks */ = {
			isa = PBXFrameworksBuildPhase;
			buildActionMask = 2147483647;
			files = (
			);
			runOnlyForDeploymentPostprocessing = 0;
		};
/* End PBXFrameworksBuildPhase section */

/* Begin PBXGroup section */
		02904D1026A89D6100D5976A = {
			isa = PBXGroup;
			children = (
				02904D1B26A89D6100D5976A /* enspire2021 */,
				02904D3526A89D6600D5976A /* enspire2021Tests */,
				02904D4026A89D6600D5976A /* enspire2021UITests */,
				02904D1A26A89D6100D5976A /* Products */,
			);
			sourceTree = "<group>";
		};
		02904D1A26A89D6100D5976A /* Products */ = {
			isa = PBXGroup;
			children = (
				02904D1926A89D6100D5976A /* enspire2021.app */,
				02904D3226A89D6600D5976A /* enspire2021Tests.xctest */,
				02904D3D26A89D6600D5976A /* enspire2021UITests.xctest */,
			);
			name = Products;
			sourceTree = "<group>";
		};
		02904D1B26A89D6100D5976A /* enspire2021 */ = {
			isa = PBXGroup;
			children = (
				02904D1C26A89D6100D5976A /* AppDelegate.swift */,
				02904D1E26A89D6100D5976A /* SceneDelegate.swift */,
				02904D2026A89D6100D5976A /* ViewController.swift */,
				02904D2226A89D6100D5976A /* Main.storyboard */,
				02904D5126A89F5900D5976A /* tasksTableViewController.swift */,
				0269CA4D26A91EAA0019495C /* completeTasksViewController.swift */,
				0269CA4B26A91B250019495C /* Tasks.swift */,
				02904D4F26A89F3D00D5976A /* resourcesViewController.swift */,
				02904D2826A89D6500D5976A /* Assets.xcassets */,
				02904D2A26A89D6500D5976A /* LaunchScreen.storyboard */,
				02904D2D26A89D6500D5976A /* Info.plist */,
				02904D2526A89D6100D5976A /* enspire2021.xcdatamodeld */,
			);
			path = enspire2021;
			sourceTree = "<group>";
		};
		02904D3526A89D6600D5976A /* enspire2021Tests */ = {
			isa = PBXGroup;
			children = (
				02904D3626A89D6600D5976A /* enspire2021Tests.swift */,
				02904D3826A89D6600D5976A /* Info.plist */,
			);
			path = enspire2021Tests;
			sourceTree = "<group>";
		};
		02904D4026A89D6600D5976A /* enspire2021UITests */ = {
			isa = PBXGroup;
			children = (
				02904D4126A89D6600D5976A /* enspire2021UITests.swift */,
				02904D4326A89D6600D5976A /* Info.plist */,
			);
			path = enspire2021UITests;
			sourceTree = "<group>";
		};
/* End PBXGroup section */

/* Begin PBXNativeTarget section */
		02904D1826A89D6100D5976A /* enspire2021 */ = {
			isa = PBXNativeTarget;
			buildConfigurationList = 02904D4626A89D6600D5976A /* Build configuration list for PBXNativeTarget "enspire2021" */;
			buildPhases = (
				02904D1526A89D6100D5976A /* Sources */,
				02904D1626A89D6100D5976A /* Frameworks */,
				02904D1726A89D6100D5976A /* Resources */,
			);
			buildRules = (
			);
			dependencies = (
			);
			name = enspire2021;
			productName = enspire2021;
			productReference = 02904D1926A89D6100D5976A /* enspire2021.app */;
			productType = "com.apple.product-type.application";
		};
		02904D3126A89D6600D5976A /* enspire2021Tests */ = {
			isa = PBXNativeTarget;
			buildConfigurationList = 02904D4926A89D6600D5976A /* Build configuration list for PBXNativeTarget "enspire2021Tests" */;
			buildPhases = (
				02904D2E26A89D6600D5976A /* Sources */,
				02904D2F26A89D6600D5976A /* Frameworks */,
				02904D3026A89D6600D5976A /* Resources */,
			);
			buildRules = (
			);
			dependencies = (
				02904D3426A89D6600D5976A /* PBXTargetDependency */,
			);
			name = enspire2021Tests;
			productName = enspire2021Tests;
			productReference = 02904D3226A89D6600D5976A /* enspire2021Tests.xctest */;
			productType = "com.apple.product-type.bundle.unit-test";
		};
		02904D3C26A89D6600D5976A /* enspire2021UITests */ = {
			isa = PBXNativeTarget;
			buildConfigurationList = 02904D4C26A89D6600D5976A /* Build configuration list for PBXNativeTarget "enspire2021UITests" */;
			buildPhases = (
				02904D3926A89D6600D5976A /* Sources */,
				02904D3A26A89D6600D5976A /* Frameworks */,
				02904D3B26A89D6600D5976A /* Resources */,
			);
			buildRules = (
			);
			dependencies = (
				02904D3F26A89D6600D5976A /* PBXTargetDependency */,
			);
			name = enspire2021UITests;
			productName = enspire2021UITests;
			productReference = 02904D3D26A89D6600D5976A /* enspire2021UITests.xctest */;
			productType = "com.apple.product-type.bundle.ui-testing";
		};
/* End PBXNativeTarget section */

/* Begin PBXProject section */
		02904D1126A89D6100D5976A /* Project object */ = {
			isa = PBXProject;
			attributes = {
				LastSwiftUpdateCheck = 1130;
				LastUpgradeCheck = 1130;
				ORGANIZATIONNAME = "Ingrid Hoffert";
				TargetAttributes = {
					02904D1826A89D6100D5976A = {
						CreatedOnToolsVersion = 11.3.1;
					};
					02904D3126A89D6600D5976A = {
						CreatedOnToolsVersion = 11.3.1;
						TestTargetID = 02904D1826A89D6100D5976A;
					};
					02904D3C26A89D6600D5976A = {
						CreatedOnToolsVersion = 11.3.1;
						TestTargetID = 02904D1826A89D6100D5976A;
					};
				};
			};
			buildConfigurationList = 02904D1426A89D6100D5976A /* Build configuration list for PBXProject "enspire2021" */;
			compatibilityVersion = "Xcode 9.3";
			developmentRegion = en;
			hasScannedForEncodings = 0;
			knownRegions = (
				en,
				Base,
			);
			mainGroup = 02904D1026A89D6100D5976A;
			productRefGroup = 02904D1A26A89D6100D5976A /* Products */;
			projectDirPath = "";
			projectRoot = "";
			targets = (
				02904D1826A89D6100D5976A /* enspire2021 */,
				02904D3126A89D6600D5976A /* enspire2021Tests */,
				02904D3C26A89D6600D5976A /* enspire2021UITests */,
			);
		};
/* End PBXProject section */

/* Begin PBXResourcesBuildPhase section */
		02904D1726A89D6100D5976A /* Resources */ = {
			isa = PBXResourcesBuildPhase;
			buildActionMask = 2147483647;
			files = (
				02904D2C26A89D6500D5976A /* LaunchScreen.storyboard in Resources */,
				02904D2926A89D6500D5976A /* Assets.xcassets in Resources */,
				02904D2426A89D6100D5976A /* Main.storyboard in Resources */,
			);
			runOnlyForDeploymentPostprocessing = 0;
		};
		02904D3026A89D6600D5976A /* Resources */ = {
			isa = PBXResourcesBuildPhase;
			buildActionMask = 2147483647;
			files = (
			);
			runOnlyForDeploymentPostprocessing = 0;
		};
		02904D3B26A89D6600D5976A /* Resources */ = {
			isa = PBXResourcesBuildPhase;
			buildActionMask = 2147483647;
			files = (
			);
			runOnlyForDeploymentPostprocessing = 0;
		};
/* End PBXResourcesBuildPhase section */

/* Begin PBXSourcesBuildPhase section */
		02904D1526A89D6100D5976A /* Sources */ = {
			isa = PBXSourcesBuildPhase;
			buildActionMask = 2147483647;
			files = (
				0269CA4C26A91B250019495C /* Tasks.swift in Sources */,
				02904D2126A89D6100D5976A /* ViewController.swift in Sources */,
				02904D5026A89F3D00D5976A /* resourcesViewController.swift in Sources */,
				02904D5226A89F5900D5976A /* tasksTableViewController.swift in Sources */,
				02904D1D26A89D6100D5976A /* AppDelegate.swift in Sources */,
				02904D1F26A89D6100D5976A /* SceneDelegate.swift in Sources */,
				0269CA4E26A91EAA0019495C /* completeTasksViewController.swift in Sources */,
				02904D2726A89D6100D5976A /* enspire2021.xcdatamodeld in Sources */,
			);
			runOnlyForDeploymentPostprocessing = 0;
		};
		02904D2E26A89D6600D5976A /* Sources */ = {
			isa = PBXSourcesBuildPhase;
			buildActionMask = 2147483647;
			files = (
				02904D3726A89D6600D5976A /* enspire2021Tests.swift in Sources */,
			);
			runOnlyForDeploymentPostprocessing = 0;
		};
		02904D3926A89D6600D5976A /* Sources */ = {
			isa = PBXSourcesBuildPhase;
			buildActionMask = 2147483647;
			files = (
				02904D4226A89D6600D5976A /* enspire2021UITests.swift in Sources */,
			);
			runOnlyForDeploymentPostprocessing = 0;
		};
/* End PBXSourcesBuildPhase section */

/* Begin PBXTargetDependency section */
		02904D3426A89D6600D5976A /* PBXTargetDependency */ = {
			isa = PBXTargetDependency;
			target = 02904D1826A89D6100D5976A /* enspire2021 */;
			targetProxy = 02904D3326A89D6600D5976A /* PBXContainerItemProxy */;
		};
		02904D3F26A89D6600D5976A /* PBXTargetDependency */ = {
			isa = PBXTargetDependency;
			target = 02904D1826A89D6100D5976A /* enspire2021 */;
			targetProxy = 02904D3E26A89D6600D5976A /* PBXContainerItemProxy */;
		};
/* End PBXTargetDependency section */

/* Begin PBXVariantGroup section */
		02904D2226A89D6100D5976A /* Main.storyboard */ = {
			isa = PBXVariantGroup;
			children = (
				02904D2326A89D6100D5976A /* Base */,
			);
			name = Main.storyboard;
			sourceTree = "<group>";
		};
		02904D2A26A89D6500D5976A /* LaunchScreen.storyboard */ = {
			isa = PBXVariantGroup;
			children = (
				02904D2B26A89D6500D5976A /* Base */,
			);
			name = LaunchScreen.storyboard;
			sourceTree = "<group>";
		};
/* End PBXVariantGroup section */

/* Begin XCBuildConfiguration section */
		02904D4426A89D6600D5976A /* Debug */ = {
			isa = XCBuildConfiguration;
			buildSettings = {
				ALWAYS_SEARCH_USER_PATHS = NO;
				CLANG_ANALYZER_NONNULL = YES;
				CLANG_ANALYZER_NUMBER_OBJECT_CONVERSION = YES_AGGRESSIVE;
				CLANG_CXX_LANGUAGE_STANDARD = "gnu++14";
				CLANG_CXX_LIBRARY = "libc++";
				CLANG_ENABLE_MODULES = YES;
				CLANG_ENABLE_OBJC_ARC = YES;
				CLANG_ENABLE_OBJC_WEAK = YES;
				CLANG_WARN_BLOCK_CAPTURE_AUTORELEASING = YES;
				CLANG_WARN_BOOL_CONVERSION = YES;
				CLANG_WARN_COMMA = YES;
				CLANG_WARN_CONSTANT_CONVERSION = YES;
				CLANG_WARN_DEPRECATED_OBJC_IMPLEMENTATIONS = YES;
				CLANG_WARN_DIRECT_OBJC_ISA_USAGE = YES_ERROR;
				CLANG_WARN_DOCUMENTATION_COMMENTS = YES;
				CLANG_WARN_EMPTY_BODY = YES;
				CLANG_WARN_ENUM_CONVERSION = YES;
				CLANG_WARN_INFINITE_RECURSION = YES;
				CLANG_WARN_INT_CONVERSION = YES;
				CLANG_WARN_NON_LITERAL_NULL_CONVERSION = YES;
				CLANG_WARN_OBJC_IMPLICIT_RETAIN_SELF = YES;
				CLANG_WARN_OBJC_LITERAL_CONVERSION = YES;
				CLANG_WARN_OBJC_ROOT_CLASS = YES_ERROR;
				CLANG_WARN_RANGE_LOOP_ANALYSIS = YES;
				CLANG_WARN_STRICT_PROTOTYPES = YES;
				CLANG_WARN_SUSPICIOUS_MOVE = YES;
				CLANG_WARN_UNGUARDED_AVAILABILITY = YES_AGGRESSIVE;
				CLANG_WARN_UNREACHABLE_CODE = YES;
				CLANG_WARN__DUPLICATE_METHOD_MATCH = YES;
				COPY_PHASE_STRIP = NO;
				DEBUG_INFORMATION_FORMAT = dwarf;
				ENABLE_STRICT_OBJC_MSGSEND = YES;
				ENABLE_TESTABILITY = YES;
				GCC_C_LANGUAGE_STANDARD = gnu11;
				GCC_DYNAMIC_NO_PIC = NO;
				GCC_NO_COMMON_BLOCKS = YES;
				GCC_OPTIMIZATION_LEVEL = 0;
				GCC_PREPROCESSOR_DEFINITIONS = (
					"DEBUG=1",
					"$(inherited)",
				);
				GCC_WARN_64_TO_32_BIT_CONVERSION = YES;
				GCC_WARN_ABOUT_RETURN_TYPE = YES_ERROR;
				GCC_WARN_UNDECLARED_SELECTOR = YES;
				GCC_WARN_UNINITIALIZED_AUTOS = YES_AGGRESSIVE;
				GCC_WARN_UNUSED_FUNCTION = YES;
				GCC_WARN_UNUSED_VARIABLE = YES;
				IPHONEOS_DEPLOYMENT_TARGET = 13.2;
				MTL_ENABLE_DEBUG_INFO = INCLUDE_SOURCE;
				MTL_FAST_MATH = YES;
				ONLY_ACTIVE_ARCH = YES;
				SDKROOT = iphoneos;
				SWIFT_ACTIVE_COMPILATION_CONDITIONS = DEBUG;
				SWIFT_OPTIMIZATION_LEVEL = "-Onone";
			};
			name = Debug;
		};
		02904D4526A89D6600D5976A /* Release */ = {
			isa = XCBuildConfiguration;
			buildSettings = {
				ALWAYS_SEARCH_USER_PATHS = NO;
				CLANG_ANALYZER_NONNULL = YES;
				CLANG_ANALYZER_NUMBER_OBJECT_CONVERSION = YES_AGGRESSIVE;
				CLANG_CXX_LANGUAGE_STANDARD = "gnu++14";
				CLANG_CXX_LIBRARY = "libc++";
				CLANG_ENABLE_MODULES = YES;
				CLANG_ENABLE_OBJC_ARC = YES;
				CLANG_ENABLE_OBJC_WEAK = YES;
				CLANG_WARN_BLOCK_CAPTURE_AUTORELEASING = YES;
				CLANG_WARN_BOOL_CONVERSION = YES;
				CLANG_WARN_COMMA = YES;
				CLANG_WARN_CONSTANT_CONVERSION = YES;
				CLANG_WARN_DEPRECATED_OBJC_IMPLEMENTATIONS = YES;
				CLANG_WARN_DIRECT_OBJC_ISA_USAGE = YES_ERROR;
				CLANG_WARN_DOCUMENTATION_COMMENTS = YES;
				CLANG_WARN_EMPTY_BODY = YES;
				CLANG_WARN_ENUM_CONVERSION = YES;
				CLANG_WARN_INFINITE_RECURSION = YES;
				CLANG_WARN_INT_CONVERSION = YES;
				CLANG_WARN_NON_LITERAL_NULL_CONVERSION = YES;
				CLANG_WARN_OBJC_IMPLICIT_RETAIN_SELF = YES;
				CLANG_WARN_OBJC_LITERAL_CONVERSION = YES;
				CLANG_WARN_OBJC_ROOT_CLASS = YES_ERROR;
				CLANG_WARN_RANGE_LOOP_ANALYSIS = YES;
				CLANG_WARN_STRICT_PROTOTYPES = YES;
				CLANG_WARN_SUSPICIOUS_MOVE = YES;
				CLANG_WARN_UNGUARDED_AVAILABILITY = YES_AGGRESSIVE;
				CLANG_WARN_UNREACHABLE_CODE = YES;
				CLANG_WARN__DUPLICATE_METHOD_MATCH = YES;
				COPY_PHASE_STRIP = NO;
				DEBUG_INFORMATION_FORMAT = "dwarf-with-dsym";
				ENABLE_NS_ASSERTIONS = NO;
				ENABLE_STRICT_OBJC_MSGSEND = YES;
				GCC_C_LANGUAGE_STANDARD = gnu11;
				GCC_NO_COMMON_BLOCKS = YES;
				GCC_WARN_64_TO_32_BIT_CONVERSION = YES;
				GCC_WARN_ABOUT_RETURN_TYPE = YES_ERROR;
				GCC_WARN_UNDECLARED_SELECTOR = YES;
				GCC_WARN_UNINITIALIZED_AUTOS = YES_AGGRESSIVE;
				GCC_WARN_UNUSED_FUNCTION = YES;
				GCC_WARN_UNUSED_VARIABLE = YES;
				IPHONEOS_DEPLOYMENT_TARGET = 13.2;
				MTL_ENABLE_DEBUG_INFO = NO;
				MTL_FAST_MATH = YES;
				SDKROOT = iphoneos;
				SWIFT_COMPILATION_MODE = wholemodule;
				SWIFT_OPTIMIZATION_LEVEL = "-O";
				VALIDATE_PRODUCT = YES;
			};
			name = Release;
		};
		02904D4726A89D6600D5976A /* Debug */ = {
			isa = XCBuildConfiguration;
			buildSettings = {
				ASSETCATALOG_COMPILER_APPICON_NAME = AppIcon;
				CODE_SIGN_STYLE = Automatic;
				DEVELOPMENT_TEAM = 92YCNP8A86;
				INFOPLIST_FILE = enspire2021/Info.plist;
				LD_RUNPATH_SEARCH_PATHS = (
					"$(inherited)",
					"@executable_path/Frameworks",
				);
				PRODUCT_BUNDLE_IDENTIFIER = "ich-kwk.enspire2021";
				PRODUCT_NAME = "$(TARGET_NAME)";
				SWIFT_VERSION = 5.0;
				TARGETED_DEVICE_FAMILY = "1,2";
			};
			name = Debug;
		};
		02904D4826A89D6600D5976A /* Release */ = {
			isa = XCBuildConfiguration;
			buildSettings = {
				ASSETCATALOG_COMPILER_APPICON_NAME = AppIcon;
				CODE_SIGN_STYLE = Automatic;
				DEVELOPMENT_TEAM = 92YCNP8A86;
				INFOPLIST_FILE = enspire2021/Info.plist;
				LD_RUNPATH_SEARCH_PATHS = (
					"$(inherited)",
					"@executable_path/Frameworks",
				);
				PRODUCT_BUNDLE_IDENTIFIER = "ich-kwk.enspire2021";
				PRODUCT_NAME = "$(TARGET_NAME)";
				SWIFT_VERSION = 5.0;
				TARGETED_DEVICE_FAMILY = "1,2";
			};
			name = Release;
		};
		02904D4A26A89D6600D5976A /* Debug */ = {
			isa = XCBuildConfiguration;
			buildSettings = {
				ALWAYS_EMBED_SWIFT_STANDARD_LIBRARIES = YES;
				BUNDLE_LOADER = "$(TEST_HOST)";
				CODE_SIGN_STYLE = Automatic;
				DEVELOPMENT_TEAM = 92YCNP8A86;
				INFOPLIST_FILE = enspire2021Tests/Info.plist;
				IPHONEOS_DEPLOYMENT_TARGET = 13.2;
				LD_RUNPATH_SEARCH_PATHS = (
					"$(inherited)",
					"@executable_path/Frameworks",
					"@loader_path/Frameworks",
				);
				PRODUCT_BUNDLE_IDENTIFIER = "ich-kwk.enspire2021Tests";
				PRODUCT_NAME = "$(TARGET_NAME)";
				SWIFT_VERSION = 5.0;
				TARGETED_DEVICE_FAMILY = "1,2";
				TEST_HOST = "$(BUILT_PRODUCTS_DIR)/enspire2021.app/enspire2021";
			};
			name = Debug;
		};
		02904D4B26A89D6600D5976A /* Release */ = {
			isa = XCBuildConfiguration;
			buildSettings = {
				ALWAYS_EMBED_SWIFT_STANDARD_LIBRARIES = YES;
				BUNDLE_LOADER = "$(TEST_HOST)";
				CODE_SIGN_STYLE = Automatic;
				DEVELOPMENT_TEAM = 92YCNP8A86;
				INFOPLIST_FILE = enspire2021Tests/Info.plist;
				IPHONEOS_DEPLOYMENT_TARGET = 13.2;
				LD_RUNPATH_SEARCH_PATHS = (
					"$(inherited)",
					"@executable_path/Frameworks",
					"@loader_path/Frameworks",
				);
				PRODUCT_BUNDLE_IDENTIFIER = "ich-kwk.enspire2021Tests";
				PRODUCT_NAME = "$(TARGET_NAME)";
				SWIFT_VERSION = 5.0;
				TARGETED_DEVICE_FAMILY = "1,2";
				TEST_HOST = "$(BUILT_PRODUCTS_DIR)/enspire2021.app/enspire2021";
			};
			name = Release;
		};
		02904D4D26A89D6600D5976A /* Debug */ = {
			isa = XCBuildConfiguration;
			buildSettings = {
				ALWAYS_EMBED_SWIFT_STANDARD_LIBRARIES = YES;
				CODE_SIGN_STYLE = Automatic;
				DEVELOPMENT_TEAM = 92YCNP8A86;
				INFOPLIST_FILE = enspire2021UITests/Info.plist;
				LD_RUNPATH_SEARCH_PATHS = (
					"$(inherited)",
					"@executable_path/Frameworks",
					"@loader_path/Frameworks",
				);
				PRODUCT_BUNDLE_IDENTIFIER = "ich-kwk.enspire2021UITests";
				PRODUCT_NAME = "$(TARGET_NAME)";
				SWIFT_VERSION = 5.0;
				TARGETED_DEVICE_FAMILY = "1,2";
				TEST_TARGET_NAME = enspire2021;
			};
			name = Debug;
		};
		02904D4E26A89D6600D5976A /* Release */ = {
			isa = XCBuildConfiguration;
			buildSettings = {
				ALWAYS_EMBED_SWIFT_STANDARD_LIBRARIES = YES;
				CODE_SIGN_STYLE = Automatic;
				DEVELOPMENT_TEAM = 92YCNP8A86;
				INFOPLIST_FILE = enspire2021UITests/Info.plist;
				LD_RUNPATH_SEARCH_PATHS = (
					"$(inherited)",
					"@executable_path/Frameworks",
					"@loader_path/Frameworks",
				);
				PRODUCT_BUNDLE_IDENTIFIER = "ich-kwk.enspire2021UITests";
				PRODUCT_NAME = "$(TARGET_NAME)";
				SWIFT_VERSION = 5.0;
				TARGETED_DEVICE_FAMILY = "1,2";
				TEST_TARGET_NAME = enspire2021;
			};
			name = Release;
		};
/* End XCBuildConfiguration section */

/* Begin XCConfigurationList section */
		02904D1426A89D6100D5976A /* Build configuration list for PBXProject "enspire2021" */ = {
			isa = XCConfigurationList;
			buildConfigurations = (
				02904D4426A89D6600D5976A /* Debug */,
				02904D4526A89D6600D5976A /* Release */,
			);
			defaultConfigurationIsVisible = 0;
			defaultConfigurationName = Release;
		};
		02904D4626A89D6600D5976A /* Build configuration list for PBXNativeTarget "enspire2021" */ = {
			isa = XCConfigurationList;
			buildConfigurations = (
				02904D4726A89D6600D5976A /* Debug */,
				02904D4826A89D6600D5976A /* Release */,
			);
			defaultConfigurationIsVisible = 0;
			defaultConfigurationName = Release;
		};
		02904D4926A89D6600D5976A /* Build configuration list for PBXNativeTarget "enspire2021Tests" */ = {
			isa = XCConfigurationList;
			buildConfigurations = (
				02904D4A26A89D6600D5976A /* Debug */,
				02904D4B26A89D6600D5976A /* Release */,
			);
			defaultConfigurationIsVisible = 0;
			defaultConfigurationName = Release;
		};
		02904D4C26A89D6600D5976A /* Build configuration list for PBXNativeTarget "enspire2021UITests" */ = {
			isa = XCConfigurationList;
			buildConfigurations = (
				02904D4D26A89D6600D5976A /* Debug */,
				02904D4E26A89D6600D5976A /* Release */,
			);
			defaultConfigurationIsVisible = 0;
			defaultConfigurationName = Release;
		};
/* End XCConfigurationList section */

/* Begin XCVersionGroup section */
		02904D2526A89D6100D5976A /* enspire2021.xcdatamodeld */ = {
			isa = XCVersionGroup;
			children = (
				02904D2626A89D6100D5976A /* enspire2021.xcdatamodel */,
			);
			currentVersion = 02904D2626A89D6100D5976A /* enspire2021.xcdatamodel */;
			path = enspire2021.xcdatamodeld;
			sourceTree = "<group>";
			versionGroupType = wrapper.xcdatamodel;
		};
/* End XCVersionGroup section */
	};
	rootObject = 02904D1126A89D6100D5976A /* Project object */;
}
